Microsoft Visual Studio Solution File, Format Version 12.00
# Visual Studio Version 16
VisualStudioVersion = 16.0.28729.10
MinimumVisualStudioVersion = 10.0.40219.1
Project("{FAE04EC0-301F-11D3-BF4B-00C04F79EFBC}") = "HostnoMore.Android", "HostnoMore.Android\HostnoMore.Android.csproj", "{1E9B398A-1248-4075-B5E4-59E00E274988}"
EndProject
Project("{FAE04EC0-301F-11D3-BF4B-00C04F79EFBC}") = "HostnoMore.iOS", "HostnoMore.iOS\HostnoMore.iOS.csproj", "{7B55E439-1AE5-4A69-8626-5A68E38ACF60}"
EndProject
Project("{9A19103F-16F7-4668-BE54-9A1E7A4F7556}") = "HostnoMore", "HostnoMore\HostnoMore.csproj", "{70B70496-5EBE-414A-8A03-E37C15D72D69}"
EndProject
Project("{2150E333-8FDC-42A3-9474-1A3956D46DE8}") = "Solution Items", "Solution Items", "{C24CF318-C2BE-4986-ABEB-141EB1DCE56C}"
EndProject
Global
	GlobalSection(SolutionConfigurationPlatforms) = preSolution
		Ad-Hoc|Any CPU = Ad-Hoc|Any CPU
		Ad-Hoc|iPhone = Ad-Hoc|iPhone
		Ad-Hoc|iPhoneSimulator = Ad-Hoc|iPhoneSimulator
		Ad-Hoc|x86 = Ad-Hoc|x86
		AppStore|Any CPU = AppStore|Any CPU
		AppStore|iPhone = AppStore|iPhone
		AppStore|iPhoneSimulator = AppStore|iPhoneSimulator
		AppStore|x86 = AppStore|x86
		Debug|Any CPU = Debug|Any CPU
		Debug|iPhone = Debug|iPhone
		Debug|iPhoneSimulator = Debug|iPhoneSimulator
		Debug|x86 = Debug|x86
		Release|Any CPU = Release|Any CPU
		Release|iPhone = Release|iPhone
		Release|iPhoneSimulator = Release|iPhoneSimulator
		Release|x86 = Release|x86
	EndGlobalSection
	GlobalSection(ProjectConfigurationPlatforms) = postSolution
		{1E9B398A-1248-4075-B5E4-59E00E274988}.Ad-Hoc|Any CPU.ActiveCfg = Release|Any CPU
		{1E9B398A-1248-4075-B5E4-59E00E274988}.Ad-Hoc|Any CPU.Build.0 = Release|Any CPU
		{1E9B398A-1248-4075-B5E4-59E00E274988}.Ad-Hoc|Any CPU.Deploy.0 = Release|Any CPU
		{1E9B398A-1248-4075-B5E4-59E00E274988}.Ad-Hoc|iPhone.ActiveCfg = Debug|Any CPU
		{1E9B398A-1248-4075-B5E4-59E00E274988}.Ad-Hoc|iPhone.Build.0 = Debug|Any CPU
		{1E9B398A-1248-4075-B5E4-59E00E274988}.Ad-Hoc|iPhoneSimulator.ActiveCfg = Release|Any CPU
		{1E9B398A-1248-4075-B5E4-59E00E274988}.Ad-Hoc|iPhoneSimulator.Build.0 = Release|Any CPU
		{1E9B398A-1248-4075-B5E4-59E00E274988}.Ad-Hoc|iPhoneSimulator.Deploy.0 = Release|Any CPU
		{1E9B398A-1248-4075-B5E4-59E00E274988}.Ad-Hoc|x86.ActiveCfg = Release|x86
		{1E9B398A-1248-4075-B5E4-59E00E274988}.Ad-Hoc|x86.Build.0 = Release|x86
		{1E9B398A-1248-4075-B5E4-59E00E274988}.Ad-Hoc|x86.Deploy.0 = Release|x86
		{1E9B398A-1248-4075-B5E4-59E00E274988}.AppStore|Any CPU.ActiveCfg = Release|Any CPU
		{1E9B398A-1248-4075-B5E4-59E00E274988}.AppStore|Any CPU.Build.0 = Release|Any CPU
		{1E9B398A-1248-4075-B5E4-59E00E274988}.AppStore|Any CPU.Deploy.0 = Release|Any CPU
		{1E9B398A-1248-4075-B5E4-59E00E274988}.AppStore|iPhone.ActiveCfg = Debug|Any CPU
		{1E9B398A-1248-4075-B5E4-59E00E274988}.AppStore|iPhone.Build.0 = Debug|Any CPU
		{1E9B398A-1248-4075-B5E4-59E00E274988}.AppStore|iPhoneSimulator.ActiveCfg = Release|Any CPU
		{1E9B398A-1248-4075-B5E4-59E00E274988}.AppStore|iPhoneSimulator.Build.0 = Release|Any CPU
		{1E9B398A-1248-4075-B5E4-59E00E274988}.AppStore|iPhoneSimulator.Deploy.0 = Release|Any CPU
		{1E9B398A-1248-4075-B5E4-59E00E274988}.AppStore|x86.ActiveCfg = Release|x86
		{1E9B398A-1248-4075-B5E4-59E00E274988}.AppStore|x86.Build.0 = Release|x86
		{1E9B398A-1248-4075-B5E4-59E00E274988}.AppStore|x86.Deploy.0 = Release|x86
		{1E9B398A-1248-4075-B5E4-59E00E274988}.Debug|Any CPU.ActiveCfg = Debug|Any CPU
		{1E9B398A-1248-4075-B5E4-59E00E274988}.Debug|Any CPU.Build.0 = Debug|Any CPU
		{1E9B398A-1248-4075-B5E4-59E00E274988}.Debug|Any CPU.Deploy.0 = Debug|Any CPU
		{1E9B398A-1248-4075-B5E4-59E00E274988}.Debug|iPhone.ActiveCfg = Debug|Any CPU
		{1E9B398A-1248-4075-B5E4-59E00E274988}.Debug|iPhone.Build.0 = Debug|Any CPU
		{1E9B398A-1248-4075-B5E4-59E00E274988}.Debug|iPhoneSimulator.ActiveCfg = Debug|Any CPU
		{1E9B398A-1248-4075-B5E4-59E00E274988}.Debug|iPhoneSimulator.Build.0 = Debug|Any CPU
		{1E9B398A-1248-4075-B5E4-59E00E274988}.Debug|iPhoneSimulator.Deploy.0 = Debug|Any CPU
		{1E9B398A-1248-4075-B5E4-59E00E274988}.Debug|x86.ActiveCfg = Debug|x86
		{1E9B398A-1248-4075-B5E4-59E00E274988}.Debug|x86.Build.0 = Debug|x86
		{1E9B398A-1248-4075-B5E4-59E00E274988}.Debug|x86.Deploy.0 = Debug|x86
		{1E9B398A-1248-4075-B5E4-59E00E274988}.Release|Any CPU.ActiveCfg = Release|Any CPU
		{1E9B398A-1248-4075-B5E4-59E00E274988}.Release|Any CPU.Build.0 = Release|Any CPU
		{1E9B398A-1248-4075-B5E4-59E00E274988}.Release|iPhone.ActiveCfg = Release|Any CPU
		{1E9B398A-1248-4075-B5E4-59E00E274988}.Release|iPhone.Build.0 = Release|Any CPU
		{1E9B398A-1248-4075-B5E4-59E00E274988}.Release|iPhoneSimulator.ActiveCfg = Release|Any CPU
		{1E9B398A-1248-4075-B5E4-59E00E274988}.Release|iPhoneSimulator.Build.0 = Release|Any CPU
		{1E9B398A-1248-4075-B5E4-59E00E274988}.Release|x86.ActiveCfg = Release|x86
		{1E9B398A-1248-4075-B5E4-59E00E274988}.Release|x86.Build.0 = Release|x86
		{1E9B398A-1248-4075-B5E4-59E00E274988}.Release|x86.Deploy.0 = Release|x86
		{7B55E439-1AE5-4A69-8626-5A68E38ACF60}.Ad-Hoc|Any CPU.ActiveCfg = Ad-Hoc|iPhoneSimulator
		{7B55E439-1AE5-4A69-8626-5A68E38ACF60}.Ad-Hoc|iPhone.ActiveCfg = Ad-Hoc|iPhone
		{7B55E439-1AE5-4A69-8626-5A68E38ACF60}.Ad-Hoc|iPhone.Build.0 = Ad-Hoc|iPhone
		{7B55E439-1AE5-4A69-8626-5A68E38ACF60}.Ad-Hoc|iPhoneSimulator.ActiveCfg = Ad-Hoc|iPhoneSimulator
		{7B55E439-1AE5-4A69-8626-5A68E38ACF60}.Ad-Hoc|iPhoneSimulator.Build.0 = Ad-Hoc|iPhoneSimulator
		{7B55E439-1AE5-4A69-8626-5A68E38ACF60}.Ad-Hoc|x86.ActiveCfg = Ad-Hoc|iPhone
		{7B55E439-1AE5-4A69-8626-5A68E38ACF60}.AppStore|Any CPU.ActiveCfg = AppStore|iPhoneSimulator
		{7B55E439-1AE5-4A69-8626-5A68E38ACF60}.AppStore|iPhone.ActiveCfg = AppStore|iPhone
		{7B55E439-1AE5-4A69-8626-5A68E38ACF60}.AppStore|iPhone.Build.0 = AppStore|iPhone
		{7B55E439-1AE5-4A69-8626-5A68E38ACF60}.AppStore|iPhoneSimulator.ActiveCfg = AppStore|iPhoneSimulator
		{7B55E439-1AE5-4A69-8626-5A68E38ACF60}.AppStore|iPhoneSimulator.Build.0 = AppStore|iPhoneSimulator
		{7B55E439-1AE5-4A69-8626-5A68E38ACF60}.AppStore|x86.ActiveCfg = AppStore|iPhone
		{7B55E439-1AE5-4A69-8626-5A68E38ACF60}.Debug|Any CPU.ActiveCfg = Debug|iPhoneSimulator
		{7B55E439-1AE5-4A69-8626-5A68E38ACF60}.Debug|Any CPU.Build.0 = Debug|iPhoneSimulator
		{7B55E439-1AE5-4A69-8626-5A68E38ACF60}.Debug|iPhone.ActiveCfg = Debug|iPhone
		{7B55E439-1AE5-4A69-8626-5A68E38ACF60}.Debug|iPhone.Build.0 = Debug|iPhone
		{7B55E439-1AE5-4A69-8626-5A68E38ACF60}.Debug|iPhoneSimulator.ActiveCfg = Debug|iPhoneSimulator
		{7B55E439-1AE5-4A69-8626-5A68E38ACF60}.Debug|iPhoneSimulator.Build.0 = Debug|iPhoneSimulator
		{7B55E439-1AE5-4A69-8626-5A68E38ACF60}.Debug|x86.ActiveCfg = Debug|iPhone
		{7B55E439-1AE5-4A69-8626-5A68E38ACF60}.Release|Any CPU.ActiveCfg = Release|iPhoneSimulator
		{7B55E439-1AE5-4A69-8626-5A68E38ACF60}.Release|Any CPU.Build.0 = Release|iPhoneSimulator
		{7B55E439-1AE5-4A69-8626-5A68E38ACF60}.Release|iPhone.ActiveCfg = Release|iPhone
		{7B55E439-1AE5-4A69-8626-5A68E38ACF60}.Release|iPhone.Build.0 = Release|iPhone
		{7B55E439-1AE5-4A69-8626-5A68E38ACF60}.Release|iPhoneSimulator.ActiveCfg = Release|iPhoneSimulator
		{7B55E439-1AE5-4A69-8626-5A68E38ACF60}.Release|iPhoneSimulator.Build.0 = Release|iPhoneSimulator
		{7B55E439-1AE5-4A69-8626-5A68E38ACF60}.Release|x86.ActiveCfg = Release|iPhone
		{70B70496-5EBE-414A-8A03-E37C15D72D69}.Ad-Hoc|Any CPU.ActiveCfg = Release|Any CPU
		{70B70496-5EBE-414A-8A03-E37C15D72D69}.Ad-Hoc|Any CPU.Build.0 = Release|Any CPU
		{70B70496-5EBE-414A-8A03-E37C15D72D69}.Ad-Hoc|iPhone.ActiveCfg = Debug|Any CPU
		{70B70496-5EBE-414A-8A03-E37C15D72D69}.Ad-Hoc|iPhone.Build.0 = Debug|Any CPU
		{70B70496-5EBE-414A-8A03-E37C15D72D69}.Ad-Hoc|iPhoneSimulator.ActiveCfg = Release|Any CPU
		{70B70496-5EBE-414A-8A03-E37C15D72D69}.Ad-Hoc|iPhoneSimulator.Build.0 = Release|Any CPU
		{70B70496-5EBE-414A-8A03-E37C15D72D69}.Ad-Hoc|x86.ActiveCfg = Debug|Any CPU
		{70B70496-5EBE-414A-8A03-E37C15D72D69}.Ad-Hoc|x86.Build.0 = Debug|Any CPU
		{70B70496-5EBE-414A-8A03-E37C15D72D69}.AppStore|Any CPU.ActiveCfg = Release|Any CPU
		{70B70496-5EBE-414A-8A03-E37C15D72D69}.AppStore|Any CPU.Build.0 = Release|Any CPU
		{70B70496-5EBE-414A-8A03-E37C15D72D69}.AppStore|iPhone.ActiveCfg = Debug|Any CPU
		{70B70496-5EBE-414A-8A03-E37C15D72D69}.AppStore|iPhone.Build.0 = Debug|Any CPU
		{70B70496-5EBE-414A-8A03-E37C15D72D69}.AppStore|iPhoneSimulator.ActiveCfg = Release|Any CPU
		{70B70496-5EBE-414A-8A03-E37C15D72D69}.AppStore|iPhoneSimulator.Build.0 = Release|Any CPU
		{70B70496-5EBE-414A-8A03-E37C15D72D69}.AppStore|x86.ActiveCfg = Debug|Any CPU
		{70B70496-5EBE-414A-8A03-E37C15D72D69}.AppStore|x86.Build.0 = Debug|Any CPU
		{70B70496-5EBE-414A-8A03-E37C15D72D69}.Debug|Any CPU.ActiveCfg = Debug|Any CPU
		{70B70496-5EBE-414A-8A03-E37C15D72D69}.Debug|Any CPU.Build.0 = Debug|Any CPU
		{70B70496-5EBE-414A-8A03-E37C15D72D69}.Debug|iPhone.ActiveCfg = Debug|Any CPU
		{70B70496-5EBE-414A-8A03-E37C15D72D69}.Debug|iPhone.Build.0 = Debug|Any CPU
		{70B70496-5EBE-414A-8A03-E37C15D72D69}.Debug|iPhoneSimulator.ActiveCfg = Debug|Any CPU
		{70B70496-5EBE-414A-8A03-E37C15D72D69}.Debug|iPhoneSimulator.Build.0 = Debug|Any CPU
		{70B70496-5EBE-414A-8A03-E37C15D72D69}.Debug|x86.ActiveCfg = Debug|Any CPU
		{70B70496-5EBE-414A-8A03-E37C15D72D69}.Debug|x86.Build.0 = Debug|Any CPU
		{70B70496-5EBE-414A-8A03-E37C15D72D69}.Release|Any CPU.ActiveCfg = Release|Any CPU
		{70B70496-5EBE-414A-8A03-E37C15D72D69}.Release|Any CPU.Build.0 = Release|Any CPU
		{70B70496-5EBE-414A-8A03-E37C15D72D69}.Release|iPhone.ActiveCfg = Release|Any CPU
		{70B70496-5EBE-414A-8A03-E37C15D72D69}.Release|iPhone.Build.0 = Release|Any CPU
		{70B70496-5EBE-414A-8A03-E37C15D72D69}.Release|iPhoneSimulator.ActiveCfg = Release|Any CPU
		{70B70496-5EBE-414A-8A03-E37C15D72D69}.Release|iPhoneSimulator.Build.0 = Release|Any CPU
		{70B70496-5EBE-414A-8A03-E37C15D72D69}.Release|x86.ActiveCfg = Release|Any CPU
		{70B70496-5EBE-414A-8A03-E37C15D72D69}.Release|x86.Build.0 = Release|Any CPU
	EndGlobalSection
	GlobalSection(SolutionProperties) = preSolution
		HideSolutionNode = FALSE
	EndGlobalSection
	GlobalSection(ExtensibilityGlobals) = postSolution
		SolutionGuid = {FD874134-14BC-4CF3-8018-1D30E2A7EED4}
	EndGlobalSection
EndGlobal
